// !$*UTF8*$!
{
	archiveVersion = 1;
	classes = {
	};
	objectVersion = 46;
	objects = {

/* Begin PBXBuildFile section */
		3034CE3719B9FF7C008BB3FF /* companyCell.m in Sources */ = {isa = PBXBuildFile; fileRef = 3034CE3619B9FF7C008BB3FF /* companyCell.m */; };
		305C5BC119C3726E00E73AC5 /* PerformanceViewController.m in Sources */ = {isa = PBXBuildFile; fileRef = 305C5BC019C3726E00E73AC5 /* PerformanceViewController.m */; };
		305C5BC419C3728600E73AC5 /* ClosedViewController.m in Sources */ = {isa = PBXBuildFile; fileRef = 305C5BC319C3728600E73AC5 /* ClosedViewController.m */; };
		305C5BC719C3729B00E73AC5 /* AddOpsViewController.m in Sources */ = {isa = PBXBuildFile; fileRef = 305C5BC619C3729B00E73AC5 /* AddOpsViewController.m */; };
		30C74B6219C341A6002C2DF0 /* CustomNavController.m in Sources */ = {isa = PBXBuildFile; fileRef = 30C74B6119C341A6002C2DF0 /* CustomNavController.m */; };
		30DCEA6E19B8B54D006521D4 /* Foundation.framework in Frameworks */ = {isa = PBXBuildFile; fileRef = 30DCEA6D19B8B54D006521D4 /* Foundation.framework */; };
		30DCEA7019B8B54D006521D4 /* CoreGraphics.framework in Frameworks */ = {isa = PBXBuildFile; fileRef = 30DCEA6F19B8B54D006521D4 /* CoreGraphics.framework */; };
		30DCEA7219B8B54D006521D4 /* UIKit.framework in Frameworks */ = {isa = PBXBuildFile; fileRef = 30DCEA7119B8B54D006521D4 /* UIKit.framework */; };
		30DCEA7819B8B54D006521D4 /* InfoPlist.strings in Resources */ = {isa = PBXBuildFile; fileRef = 30DCEA7619B8B54D006521D4 /* InfoPlist.strings */; };
		30DCEA7A19B8B54D006521D4 /* main.m in Sources */ = {isa = PBXBuildFile; fileRef = 30DCEA7919B8B54D006521D4 /* main.m */; };
		30DCEA7E19B8B54D006521D4 /* AppDelegate.m in Sources */ = {isa = PBXBuildFile; fileRef = 30DCEA7D19B8B54D006521D4 /* AppDelegate.m */; };
		30DCEA8119B8B54D006521D4 /* Main_iPhone.storyboard in Resources */ = {isa = PBXBuildFile; fileRef = 30DCEA7F19B8B54D006521D4 /* Main_iPhone.storyboard */; };
		30DCEA8419B8B54D006521D4 /* Main_iPad.storyboard in Resources */ = {isa = PBXBuildFile; fileRef = 30DCEA8219B8B54D006521D4 /* Main_iPad.storyboard */; };
		30DCEA8719B8B54D006521D4 /* FirstViewController.m in Sources */ = {isa = PBXBuildFile; fileRef = 30DCEA8619B8B54D006521D4 /* FirstViewController.m */; };
		30DCEA8C19B8B54D006521D4 /* Images.xcassets in Resources */ = {isa = PBXBuildFile; fileRef = 30DCEA8B19B8B54D006521D4 /* Images.xcassets */; };
		30DCEA9319B8B54D006521D4 /* XCTest.framework in Frameworks */ = {isa = PBXBuildFile; fileRef = 30DCEA9219B8B54D006521D4 /* XCTest.framework */; };
		30DCEA9419B8B54D006521D4 /* Foundation.framework in Frameworks */ = {isa = PBXBuildFile; fileRef = 30DCEA6D19B8B54D006521D4 /* Foundation.framework */; };
		30DCEA9519B8B54D006521D4 /* UIKit.framework in Frameworks */ = {isa = PBXBuildFile; fileRef = 30DCEA7119B8B54D006521D4 /* UIKit.framework */; };
		30DCEA9D19B8B54D006521D4 /* InfoPlist.strings in Resources */ = {isa = PBXBuildFile; fileRef = 30DCEA9B19B8B54D006521D4 /* InfoPlist.strings */; };
		30DCEA9F19B8B54D006521D4 /* Smartrend_AdvisorTests.m in Sources */ = {isa = PBXBuildFile; fileRef = 30DCEA9E19B8B54D006521D4 /* Smartrend_AdvisorTests.m */; };
		30EA96A919BE43CB002F50E2 /* FPPopoverController.m in Sources */ = {isa = PBXBuildFile; fileRef = 30EA96A419BE43CB002F50E2 /* FPPopoverController.m */; };
		30EA96AA19BE43CB002F50E2 /* FPPopoverView.m in Sources */ = {isa = PBXBuildFile; fileRef = 30EA96A619BE43CB002F50E2 /* FPPopoverView.m */; };
		30EA96AB19BE43CB002F50E2 /* FPTouchView.m in Sources */ = {isa = PBXBuildFile; fileRef = 30EA96A819BE43CB002F50E2 /* FPTouchView.m */; };
		30EA96AE19BE451E002F50E2 /* InfoViewController.m in Sources */ = {isa = PBXBuildFile; fileRef = 30EA96AD19BE451E002F50E2 /* InfoViewController.m */; };
		CB596019B4664D59B194C5F2 /* libPods.a in Frameworks */ = {isa = PBXBuildFile; fileRef = 290A9BFCF464475E9AC59B54 /* libPods.a */; };
/* End PBXBuildFile section */

/* Begin PBXContainerItemProxy section */
		30DCEA9619B8B54D006521D4 /* PBXContainerItemProxy */ = {
			isa = PBXContainerItemProxy;
			containerPortal = 30DCEA6219B8B54D006521D4 /* Project object */;
			proxyType = 1;
			remoteGlobalIDString = 30DCEA6919B8B54D006521D4;
			remoteInfo = Smartrend_Advisor;
		};
/* End PBXContainerItemProxy section */

/* Begin PBXFileReference section */
		1662094CED64481A81F2D7DF /* Pods.xcconfig */ = {isa = PBXFileReference; includeInIndex = 1; lastKnownFileType = text.xcconfig; name = Pods.xcconfig; path = Pods/Pods.xcconfig; sourceTree = "<group>"; };
		290A9BFCF464475E9AC59B54 /* libPods.a */ = {isa = PBXFileReference; explicitFileType = archive.ar; includeInIndex = 0; path = libPods.a; sourceTree = BUILT_PRODUCTS_DIR; };
		3034CE3519B9FF7C008BB3FF /* companyCell.h */ = {isa = PBXFileReference; fileEncoding = 4; lastKnownFileType = sourcecode.c.h; path = companyCell.h; sourceTree = "<group>"; };
		3034CE3619B9FF7C008BB3FF /* companyCell.m */ = {isa = PBXFileReference; fileEncoding = 4; lastKnownFileType = sourcecode.c.objc; path = companyCell.m; sourceTree = "<group>"; };
		305C5BBF19C3726E00E73AC5 /* PerformanceViewController.h */ = {isa = PBXFileReference; fileEncoding = 4; lastKnownFileType = sourcecode.c.h; name = PerformanceViewController.h; path = ../PerformanceViewController.h; sourceTree = "<group>"; };
		305C5BC019C3726E00E73AC5 /* PerformanceViewController.m */ = {isa = PBXFileReference; fileEncoding = 4; lastKnownFileType = sourcecode.c.objc; name = PerformanceViewController.m; path = ../PerformanceViewController.m; sourceTree = "<group>"; };
		305C5BC219C3728600E73AC5 /* ClosedViewController.h */ = {isa = PBXFileReference; fileEncoding = 4; lastKnownFileType = sourcecode.c.h; path = ClosedViewController.h; sourceTree = "<group>"; };
		305C5BC319C3728600E73AC5 /* ClosedViewController.m */ = {isa = PBXFileReference; fileEncoding = 4; lastKnownFileType = sourcecode.c.objc; path = ClosedViewController.m; sourceTree = "<group>"; };
		305C5BC519C3729B00E73AC5 /* AddOpsViewController.h */ = {isa = PBXFileReference; fileEncoding = 4; lastKnownFileType = sourcecode.c.h; path = AddOpsViewController.h; sourceTree = "<group>"; };
		305C5BC619C3729B00E73AC5 /* AddOpsViewController.m */ = {isa = PBXFileReference; fileEncoding = 4; lastKnownFileType = sourcecode.c.objc; path = AddOpsViewController.m; sourceTree = "<group>"; };
		30C74B6019C341A6002C2DF0 /* CustomNavController.h */ = {isa = PBXFileReference; fileEncoding = 4; lastKnownFileType = sourcecode.c.h; path = CustomNavController.h; sourceTree = "<group>"; };
		30C74B6119C341A6002C2DF0 /* CustomNavController.m */ = {isa = PBXFileReference; fileEncoding = 4; lastKnownFileType = sourcecode.c.objc; path = CustomNavController.m; sourceTree = "<group>"; };
		30DCEA6A19B8B54D006521D4 /* Smartrend_Advisor.app */ = {isa = PBXFileReference; explicitFileType = wrapper.application; includeInIndex = 0; path = Smartrend_Advisor.app; sourceTree = BUILT_PRODUCTS_DIR; };
		30DCEA6D19B8B54D006521D4 /* Foundation.framework */ = {isa = PBXFileReference; lastKnownFileType = wrapper.framework; name = Foundation.framework; path = System/Library/Frameworks/Foundation.framework; sourceTree = SDKROOT; };
		30DCEA6F19B8B54D006521D4 /* CoreGraphics.framework */ = {isa = PBXFileReference; lastKnownFileType = wrapper.framework; name = CoreGraphics.framework; path = System/Library/Frameworks/CoreGraphics.framework; sourceTree = SDKROOT; };
		30DCEA7119B8B54D006521D4 /* UIKit.framework */ = {isa = PBXFileReference; lastKnownFileType = wrapper.framework; name = UIKit.framework; path = System/Library/Frameworks/UIKit.framework; sourceTree = SDKROOT; };
		30DCEA7519B8B54D006521D4 /* Smartrend_Advisor-Info.plist */ = {isa = PBXFileReference; lastKnownFileType = text.plist.xml; path = "Smartrend_Advisor-Info.plist"; sourceTree = "<group>"; };
		30DCEA7719B8B54D006521D4 /* en */ = {isa = PBXFileReference; lastKnownFileType = text.plist.strings; name = en; path = en.lproj/InfoPlist.strings; sourceTree = "<group>"; };
		30DCEA7919B8B54D006521D4 /* main.m */ = {isa = PBXFileReference; lastKnownFileType = sourcecode.c.objc; path = main.m; sourceTree = "<group>"; };
		30DCEA7B19B8B54D006521D4 /* Smartrend_Advisor-Prefix.pch */ = {isa = PBXFileReference; lastKnownFileType = sourcecode.c.h; path = "Smartrend_Advisor-Prefix.pch"; sourceTree = "<group>"; };
		30DCEA7C19B8B54D006521D4 /* AppDelegate.h */ = {isa = PBXFileReference; lastKnownFileType = sourcecode.c.h; path = AppDelegate.h; sourceTree = "<group>"; };
		30DCEA7D19B8B54D006521D4 /* AppDelegate.m */ = {isa = PBXFileReference; lastKnownFileType = sourcecode.c.objc; path = AppDelegate.m; sourceTree = "<group>"; };
		30DCEA8019B8B54D006521D4 /* Base */ = {isa = PBXFileReference; lastKnownFileType = file.storyboard; name = Base; path = Base.lproj/Main_iPhone.storyboard; sourceTree = "<group>"; };
		30DCEA8319B8B54D006521D4 /* Base */ = {isa = PBXFileReference; lastKnownFileType = file.storyboard; name = Base; path = Base.lproj/Main_iPad.storyboard; sourceTree = "<group>"; };
		30DCEA8519B8B54D006521D4 /* FirstViewController.h */ = {isa = PBXFileReference; lastKnownFileType = sourcecode.c.h; path = FirstViewController.h; sourceTree = "<group>"; };
		30DCEA8619B8B54D006521D4 /* FirstViewController.m */ = {isa = PBXFileReference; lastKnownFileType = sourcecode.c.objc; path = FirstViewController.m; sourceTree = "<group>"; };
		30DCEA8B19B8B54D006521D4 /* Images.xcassets */ = {isa = PBXFileReference; lastKnownFileType = folder.assetcatalog; path = Images.xcassets; sourceTree = "<group>"; };
		30DCEA9119B8B54D006521D4 /* Smartrend_AdvisorTests.xctest */ = {isa = PBXFileReference; explicitFileType = wrapper.cfbundle; includeInIndex = 0; path = Smartrend_AdvisorTests.xctest; sourceTree = BUILT_PRODUCTS_DIR; };
		30DCEA9219B8B54D006521D4 /* XCTest.framework */ = {isa = PBXFileReference; lastKnownFileType = wrapper.framework; name = XCTest.framework; path = Library/Frameworks/XCTest.framework; sourceTree = DEVELOPER_DIR; };
		30DCEA9A19B8B54D006521D4 /* Smartrend_AdvisorTests-Info.plist */ = {isa = PBXFileReference; lastKnownFileType = text.plist.xml; path = "Smartrend_AdvisorTests-Info.plist"; sourceTree = "<group>"; };
		30DCEA9C19B8B54D006521D4 /* en */ = {isa = PBXFileReference; lastKnownFileType = text.plist.strings; name = en; path = en.lproj/InfoPlist.strings; sourceTree = "<group>"; };
		30DCEA9E19B8B54D006521D4 /* Smartrend_AdvisorTests.m */ = {isa = PBXFileReference; lastKnownFileType = sourcecode.c.objc; path = Smartrend_AdvisorTests.m; sourceTree = "<group>"; };
		30EA96A219BE43CB002F50E2 /* ARCMacros.h */ = {isa = PBXFileReference; fileEncoding = 4; lastKnownFileType = sourcecode.c.h; path = ARCMacros.h; sourceTree = "<group>"; };
		30EA96A319BE43CB002F50E2 /* FPPopoverController.h */ = {isa = PBXFileReference; fileEncoding = 4; lastKnownFileType = sourcecode.c.h; path = FPPopoverController.h; sourceTree = "<group>"; };
		30EA96A419BE43CB002F50E2 /* FPPopoverController.m */ = {isa = PBXFileReference; fileEncoding = 4; lastKnownFileType = sourcecode.c.objc; path = FPPopoverController.m; sourceTree = "<group>"; };
		30EA96A519BE43CB002F50E2 /* FPPopoverView.h */ = {isa = PBXFileReference; fileEncoding = 4; lastKnownFileType = sourcecode.c.h; path = FPPopoverView.h; sourceTree = "<group>"; };
		30EA96A619BE43CB002F50E2 /* FPPopoverView.m */ = {isa = PBXFileReference; fileEncoding = 4; lastKnownFileType = sourcecode.c.objc; path = FPPopoverView.m; sourceTree = "<group>"; };
		30EA96A719BE43CB002F50E2 /* FPTouchView.h */ = {isa = PBXFileReference; fileEncoding = 4; lastKnownFileType = sourcecode.c.h; path = FPTouchView.h; sourceTree = "<group>"; };
		30EA96A819BE43CB002F50E2 /* FPTouchView.m */ = {isa = PBXFileReference; fileEncoding = 4; lastKnownFileType = sourcecode.c.objc; path = FPTouchView.m; sourceTree = "<group>"; };
		30EA96AC19BE451E002F50E2 /* InfoViewController.h */ = {isa = PBXFileReference; fileEncoding = 4; lastKnownFileType = sourcecode.c.h; path = InfoViewController.h; sourceTree = "<group>"; };
		30EA96AD19BE451E002F50E2 /* InfoViewController.m */ = {isa = PBXFileReference; fileEncoding = 4; lastKnownFileType = sourcecode.c.objc; path = InfoViewController.m; sourceTree = "<group>"; };
/* End PBXFileReference section */

/* Begin PBXFrameworksBuildPhase section */
		30DCEA6719B8B54D006521D4 /* Frameworks */ = {
			isa = PBXFrameworksBuildPhase;
			buildActionMask = 2147483647;
			files = (
				30DCEA7019B8B54D006521D4 /* CoreGraphics.framework in Frameworks */,
				30DCEA7219B8B54D006521D4 /* UIKit.framework in Frameworks */,
				30DCEA6E19B8B54D006521D4 /* Foundation.framework in Frameworks */,
				CB596019B4664D59B194C5F2 /* libPods.a in Frameworks */,
			);
			runOnlyForDeploymentPostprocessing = 0;
		};
		30DCEA8E19B8B54D006521D4 /* Frameworks */ = {
			isa = PBXFrameworksBuildPhase;
			buildActionMask = 2147483647;
			files = (
				30DCEA9319B8B54D006521D4 /* XCTest.framework in Frameworks */,
				30DCEA9519B8B54D006521D4 /* UIKit.framework in Frameworks */,
				30DCEA9419B8B54D006521D4 /* Foundation.framework in Frameworks */,
			);
			runOnlyForDeploymentPostprocessing = 0;
		};
/* End PBXFrameworksBuildPhase section */

/* Begin PBXGroup section */
		30DCEA6119B8B54D006521D4 = {
			isa = PBXGroup;
			children = (
				30C74B6019C341A6002C2DF0 /* CustomNavController.h */,
				30C74B6119C341A6002C2DF0 /* CustomNavController.m */,
				30EA96A119BE43CB002F50E2 /* FPPopover */,
				3034CE3519B9FF7C008BB3FF /* companyCell.h */,
				3034CE3619B9FF7C008BB3FF /* companyCell.m */,
				30DCEA7319B8B54D006521D4 /* Smartrend_Advisor */,
				30DCEA9819B8B54D006521D4 /* Smartrend_AdvisorTests */,
				30DCEA6C19B8B54D006521D4 /* Frameworks */,
				30DCEA6B19B8B54D006521D4 /* Products */,
				1662094CED64481A81F2D7DF /* Pods.xcconfig */,
			);
			sourceTree = "<group>";
		};
		30DCEA6B19B8B54D006521D4 /* Products */ = {
			isa = PBXGroup;
			children = (
				30DCEA6A19B8B54D006521D4 /* Smartrend_Advisor.app */,
				30DCEA9119B8B54D006521D4 /* Smartrend_AdvisorTests.xctest */,
			);
			name = Products;
			sourceTree = "<group>";
		};
		30DCEA6C19B8B54D006521D4 /* Frameworks */ = {
			isa = PBXGroup;
			children = (
				30DCEA6D19B8B54D006521D4 /* Foundation.framework */,
				30DCEA6F19B8B54D006521D4 /* CoreGraphics.framework */,
				30DCEA7119B8B54D006521D4 /* UIKit.framework */,
				30DCEA9219B8B54D006521D4 /* XCTest.framework */,
				290A9BFCF464475E9AC59B54 /* libPods.a */,
			);
			name = Frameworks;
			sourceTree = "<group>";
		};
		30DCEA7319B8B54D006521D4 /* Smartrend_Advisor */ = {
			isa = PBXGroup;
			children = (
				30DCEA7C19B8B54D006521D4 /* AppDelegate.h */,
				30DCEA7D19B8B54D006521D4 /* AppDelegate.m */,
				30DCEA7F19B8B54D006521D4 /* Main_iPhone.storyboard */,
				30DCEA8219B8B54D006521D4 /* Main_iPad.storyboard */,
				30DCEA8519B8B54D006521D4 /* FirstViewController.h */,
				30DCEA8619B8B54D006521D4 /* FirstViewController.m */,
				305C5BBF19C3726E00E73AC5 /* PerformanceViewController.h */,
				305C5BC019C3726E00E73AC5 /* PerformanceViewController.m */,
				305C5BC219C3728600E73AC5 /* ClosedViewController.h */,
				305C5BC319C3728600E73AC5 /* ClosedViewController.m */,
				305C5BC519C3729B00E73AC5 /* AddOpsViewController.h */,
				305C5BC619C3729B00E73AC5 /* AddOpsViewController.m */,
				30EA96AC19BE451E002F50E2 /* InfoViewController.h */,
				30EA96AD19BE451E002F50E2 /* InfoViewController.m */,
				30DCEA8B19B8B54D006521D4 /* Images.xcassets */,
				30DCEA7419B8B54D006521D4 /* Supporting Files */,
			);
			path = Smartrend_Advisor;
			sourceTree = "<group>";
		};
		30DCEA7419B8B54D006521D4 /* Supporting Files */ = {
			isa = PBXGroup;
			children = (
				30DCEA7519B8B54D006521D4 /* Smartrend_Advisor-Info.plist */,
				30DCEA7619B8B54D006521D4 /* InfoPlist.strings */,
				30DCEA7919B8B54D006521D4 /* main.m */,
				30DCEA7B19B8B54D006521D4 /* Smartrend_Advisor-Prefix.pch */,
			);
			name = "Supporting Files";
			sourceTree = "<group>";
		};
		30DCEA9819B8B54D006521D4 /* Smartrend_AdvisorTests */ = {
			isa = PBXGroup;
			children = (
				30DCEA9E19B8B54D006521D4 /* Smartrend_AdvisorTests.m */,
				30DCEA9919B8B54D006521D4 /* Supporting Files */,
			);
			path = Smartrend_AdvisorTests;
			sourceTree = "<group>";
		};
		30DCEA9919B8B54D006521D4 /* Supporting Files */ = {
			isa = PBXGroup;
			children = (
				30DCEA9A19B8B54D006521D4 /* Smartrend_AdvisorTests-Info.plist */,
				30DCEA9B19B8B54D006521D4 /* InfoPlist.strings */,
			);
			name = "Supporting Files";
			sourceTree = "<group>";
		};
		30EA96A119BE43CB002F50E2 /* FPPopover */ = {
			isa = PBXGroup;
			children = (
				30EA96A219BE43CB002F50E2 /* ARCMacros.h */,
				30EA96A319BE43CB002F50E2 /* FPPopoverController.h */,
				30EA96A419BE43CB002F50E2 /* FPPopoverController.m */,
				30EA96A519BE43CB002F50E2 /* FPPopoverView.h */,
				30EA96A619BE43CB002F50E2 /* FPPopoverView.m */,
				30EA96A719BE43CB002F50E2 /* FPTouchView.h */,
				30EA96A819BE43CB002F50E2 /* FPTouchView.m */,
			);
			path = FPPopover;
			sourceTree = "<group>";
		};
/* End PBXGroup section */

/* Begin PBXNativeTarget section */
		30DCEA6919B8B54D006521D4 /* Smartrend_Advisor */ = {
			isa = PBXNativeTarget;
			buildConfigurationList = 30DCEAA219B8B54D006521D4 /* Build configuration list for PBXNativeTarget "Smartrend_Advisor" */;
			buildPhases = (
				3D0C9F45CB6C4F8EA8A9F51D /* Check Pods Manifest.lock */,
				30DCEA6619B8B54D006521D4 /* Sources */,
				30DCEA6719B8B54D006521D4 /* Frameworks */,
				30DCEA6819B8B54D006521D4 /* Resources */,
				A1014B002F994528B4718001 /* Copy Pods Resources */,
			);
			buildRules = (
			);
			dependencies = (
			);
			name = Smartrend_Advisor;
			productName = Smartrend_Advisor;
			productReference = 30DCEA6A19B8B54D006521D4 /* Smartrend_Advisor.app */;
			productType = "com.apple.product-type.application";
		};
		30DCEA9019B8B54D006521D4 /* Smartrend_AdvisorTests */ = {
			isa = PBXNativeTarget;
			buildConfigurationList = 30DCEAA519B8B54D006521D4 /* Build configuration list for PBXNativeTarget "Smartrend_AdvisorTests" */;
			buildPhases = (
				30DCEA8D19B8B54D006521D4 /* Sources */,
				30DCEA8E19B8B54D006521D4 /* Frameworks */,
				30DCEA8F19B8B54D006521D4 /* Resources */,
			);
			buildRules = (
			);
			dependencies = (
				30DCEA9719B8B54D006521D4 /* PBXTargetDependency */,
			);
			name = Smartrend_AdvisorTests;
			productName = Smartrend_AdvisorTests;
			productReference = 30DCEA9119B8B54D006521D4 /* Smartrend_AdvisorTests.xctest */;
			productType = "com.apple.product-type.bundle.unit-test";
		};
/* End PBXNativeTarget section */

/* Begin PBXProject section */
		30DCEA6219B8B54D006521D4 /* Project object */ = {
			isa = PBXProject;
			attributes = {
				LastUpgradeCheck = 0510;
				ORGANIZATIONNAME = Comtex;
				TargetAttributes = {
					30DCEA9019B8B54D006521D4 = {
						TestTargetID = 30DCEA6919B8B54D006521D4;
					};
				};
			};
			buildConfigurationList = 30DCEA6519B8B54D006521D4 /* Build configuration list for PBXProject "Smartrend_Advisor" */;
			compatibilityVersion = "Xcode 3.2";
			developmentRegion = English;
			hasScannedForEncodings = 0;
			knownRegions = (
				en,
				Base,
			);
			mainGroup = 30DCEA6119B8B54D006521D4;
			productRefGroup = 30DCEA6B19B8B54D006521D4 /* Products */;
			projectDirPath = "";
			projectRoot = "";
			targets = (
				30DCEA6919B8B54D006521D4 /* Smartrend_Advisor */,
				30DCEA9019B8B54D006521D4 /* Smartrend_AdvisorTests */,
			);
		};
/* End PBXProject section */

/* Begin PBXResourcesBuildPhase section */
		30DCEA6819B8B54D006521D4 /* Resources */ = {
			isa = PBXResourcesBuildPhase;
			buildActionMask = 2147483647;
			files = (
				30DCEA8419B8B54D006521D4 /* Main_iPad.storyboard in Resources */,
				30DCEA8C19B8B54D006521D4 /* Images.xcassets in Resources */,
				30DCEA8119B8B54D006521D4 /* Main_iPhone.storyboard in Resources */,
				30DCEA7819B8B54D006521D4 /* InfoPlist.strings in Resources */,
			);
			runOnlyForDeploymentPostprocessing = 0;
		};
		30DCEA8F19B8B54D006521D4 /* Resources */ = {
			isa = PBXResourcesBuildPhase;
			buildActionMask = 2147483647;
			files = (
				30DCEA9D19B8B54D006521D4 /* InfoPlist.strings in Resources */,
			);
			runOnlyForDeploymentPostprocessing = 0;
		};
/* End PBXResourcesBuildPhase section */

/* Begin PBXShellScriptBuildPhase section */
		3D0C9F45CB6C4F8EA8A9F51D /* Check Pods Manifest.lock */ = {
			isa = PBXShellScriptBuildPhase;
			buildActionMask = 2147483647;
			files = (
			);
			inputPaths = (
			);
			name = "Check Pods Manifest.lock";
			outputPaths = (
			);
			runOnlyForDeploymentPostprocessing = 0;
			shellPath = /bin/sh;
			shellScript = "diff \"${PODS_ROOT}/../Podfile.lock\" \"${PODS_ROOT}/Manifest.lock\" > /dev/null\nif [[ $? != 0 ]] ; then\n    cat << EOM\nerror: The sandbox is not in sync with the Podfile.lock. Run 'pod install' or update your CocoaPods installation.\nEOM\n    exit 1\nfi\n";
			showEnvVarsInLog = 0;
		};
		A1014B002F994528B4718001 /* Copy Pods Resources */ = {
			isa = PBXShellScriptBuildPhase;
			buildActionMask = 2147483647;
			files = (
			);
			inputPaths = (
			);
			name = "Copy Pods Resources";
			outputPaths = (
			);
			runOnlyForDeploymentPostprocessing = 0;
			shellPath = /bin/sh;
			shellScript = "\"${SRCROOT}/Pods/Pods-resources.sh\"\n";
			showEnvVarsInLog = 0;
		};
/* End PBXShellScriptBuildPhase section */

/* Begin PBXSourcesBuildPhase section */
		30DCEA6619B8B54D006521D4 /* Sources */ = {
			isa = PBXSourcesBuildPhase;
			buildActionMask = 2147483647;
			files = (
				30C74B6219C341A6002C2DF0 /* CustomNavController.m in Sources */,
				305C5BC119C3726E00E73AC5 /* PerformanceViewController.m in Sources */,
				30DCEA7E19B8B54D006521D4 /* AppDelegate.m in Sources */,
				30EA96AE19BE451E002F50E2 /* InfoViewController.m in Sources */,
				30EA96AA19BE43CB002F50E2 /* FPPopoverView.m in Sources */,
				305C5BC419C3728600E73AC5 /* ClosedViewController.m in Sources */,
				3034CE3719B9FF7C008BB3FF /* companyCell.m in Sources */,
				305C5BC719C3729B00E73AC5 /* AddOpsViewController.m in Sources */,
				30EA96AB19BE43CB002F50E2 /* FPTouchView.m in Sources */,
				30EA96A919BE43CB002F50E2 /* FPPopoverController.m in Sources */,
				30DCEA8719B8B54D006521D4 /* FirstViewController.m in Sources */,
				30DCEA7A19B8B54D006521D4 /* main.m in Sources */,
			);
			runOnlyForDeploymentPostprocessing = 0;
		};
		30DCEA8D19B8B54D006521D4 /* Sources */ = {
			isa = PBXSourcesBuildPhase;
			buildActionMask = 2147483647;
			files = (
				30DCEA9F19B8B54D006521D4 /* Smartrend_AdvisorTests.m in Sources */,
			);
			runOnlyForDeploymentPostprocessing = 0;
		};
/* End PBXSourcesBuildPhase section */

/* Begin PBXTargetDependency section */
		30DCEA9719B8B54D006521D4 /* PBXTargetDependency */ = {
			isa = PBXTargetDependency;
			target = 30DCEA6919B8B54D006521D4 /* Smartrend_Advisor */;
			targetProxy = 30DCEA9619B8B54D006521D4 /* PBXContainerItemProxy */;
		};
/* End PBXTargetDependency section */

/* Begin PBXVariantGroup section */
		30DCEA7619B8B54D006521D4 /* InfoPlist.strings */ = {
			isa = PBXVariantGroup;
			children = (
				30DCEA7719B8B54D006521D4 /* en */,
			);
			name = InfoPlist.strings;
			sourceTree = "<group>";
		};
		30DCEA7F19B8B54D006521D4 /* Main_iPhone.storyboard */ = {
			isa = PBXVariantGroup;
			children = (
				30DCEA8019B8B54D006521D4 /* Base */,
			);
			name = Main_iPhone.storyboard;
			sourceTree = "<group>";
		};
		30DCEA8219B8B54D006521D4 /* Main_iPad.storyboard */ = {
			isa = PBXVariantGroup;
			children = (
				30DCEA8319B8B54D006521D4 /* Base */,
			);
			name = Main_iPad.storyboard;
			sourceTree = "<group>";
		};
		30DCEA9B19B8B54D006521D4 /* InfoPlist.strings */ = {
			isa = PBXVariantGroup;
			children = (
				30DCEA9C19B8B54D006521D4 /* en */,
			);
			name = InfoPlist.strings;
			sourceTree = "<group>";
		};
/* End PBXVariantGroup section */

/* Begin XCBuildConfiguration section */
		30DCEAA019B8B54D006521D4 /* Debug */ = {
			isa = XCBuildConfiguration;
			buildSettings = {
				ALWAYS_SEARCH_USER_PATHS = NO;
				CLANG_CXX_LANGUAGE_STANDARD = "gnu++0x";
				CLANG_CXX_LIBRARY = "libc++";
				CLANG_ENABLE_MODULES = YES;
				CLANG_ENABLE_OBJC_ARC = YES;
				CLANG_WARN_BOOL_CONVERSION = YES;
				CLANG_WARN_CONSTANT_CONVERSION = YES;
				CLANG_WARN_DIRECT_OBJC_ISA_USAGE = YES_ERROR;
				CLANG_WARN_EMPTY_BODY = YES;
				CLANG_WARN_ENUM_CONVERSION = YES;
				CLANG_WARN_INT_CONVERSION = YES;
				CLANG_WARN_OBJC_ROOT_CLASS = YES_ERROR;
				CLANG_WARN__DUPLICATE_METHOD_MATCH = YES;
				"CODE_SIGN_IDENTITY[sdk=iphoneos*]" = "iPhone Developer";
				COPY_PHASE_STRIP = NO;
				GCC_C_LANGUAGE_STANDARD = gnu99;
				GCC_DYNAMIC_NO_PIC = NO;
				GCC_OPTIMIZATION_LEVEL = 0;
				GCC_PREPROCESSOR_DEFINITIONS = (
					"DEBUG=1",
					"$(inherited)",
				);
				GCC_SYMBOLS_PRIVATE_EXTERN = NO;
				GCC_WARN_64_TO_32_BIT_CONVERSION = YES;
				GCC_WARN_ABOUT_RETURN_TYPE = YES_ERROR;
				GCC_WARN_UNDECLARED_SELECTOR = YES;
				GCC_WARN_UNINITIALIZED_AUTOS = YES_AGGRESSIVE;
				GCC_WARN_UNUSED_FUNCTION = YES;
				GCC_WARN_UNUSED_VARIABLE = YES;
				IPHONEOS_DEPLOYMENT_TARGET = 7.1;
				ONLY_ACTIVE_ARCH = YES;
				SDKROOT = iphoneos;
				TARGETED_DEVICE_FAMILY = "1,2";
			};
			name = Debug;
		};
		30DCEAA119B8B54D006521D4 /* Release */ = {
			isa = XCBuildConfiguration;
			buildSettings = {
				ALWAYS_SEARCH_USER_PATHS = NO;
				CLANG_CXX_LANGUAGE_STANDARD = "gnu++0x";
				CLANG_CXX_LIBRARY = "libc++";
				CLANG_ENABLE_MODULES = YES;
				CLANG_ENABLE_OBJC_ARC = YES;
				CLANG_WARN_BOOL_CONVERSION = YES;
				CLANG_WARN_CONSTANT_CONVERSION = YES;
				CLANG_WARN_DIRECT_OBJC_ISA_USAGE = YES_ERROR;
				CLANG_WARN_EMPTY_BODY = YES;
				CLANG_WARN_ENUM_CONVERSION = YES;
				CLANG_WARN_INT_CONVERSION = YES;
				CLANG_WARN_OBJC_ROOT_CLASS = YES_ERROR;
				CLANG_WARN__DUPLICATE_METHOD_MATCH = YES;
				"CODE_SIGN_IDENTITY[sdk=iphoneos*]" = "iPhone Developer";
				COPY_PHASE_STRIP = YES;
				ENABLE_NS_ASSERTIONS = NO;
				GCC_C_LANGUAGE_STANDARD = gnu99;
				GCC_WARN_64_TO_32_BIT_CONVERSION = YES;
				GCC_WARN_ABOUT_RETURN_TYPE = YES_ERROR;
				GCC_WARN_UNDECLARED_SELECTOR = YES;
				GCC_WARN_UNINITIALIZED_AUTOS = YES_AGGRESSIVE;
				GCC_WARN_UNUSED_FUNCTION = YES;
				GCC_WARN_UNUSED_VARIABLE = YES;
				IPHONEOS_DEPLOYMENT_TARGET = 7.1;
				SDKROOT = iphoneos;
				TARGETED_DEVICE_FAMILY = "1,2";
				VALIDATE_PRODUCT = YES;
			};
			name = Release;
		};
		30DCEAA319B8B54D006521D4 /* Debug */ = {
			isa = XCBuildConfiguration;
			baseConfigurationReference = 1662094CED64481A81F2D7DF /* Pods.xcconfig */;
			buildSettings = {
				ASSETCATALOG_COMPILER_APPICON_NAME = AppIcon;
				ASSETCATALOG_COMPILER_LAUNCHIMAGE_NAME = LaunchImage;
				GCC_PRECOMPILE_PREFIX_HEADER = YES;
				GCC_PREFIX_HEADER = "Smartrend_Advisor/Smartrend_Advisor-Prefix.pch";
				INFOPLIST_FILE = "Smartrend_Advisor/Smartrend_Advisor-Info.plist";
				PRODUCT_NAME = "$(TARGET_NAME)";
				WRAPPER_EXTENSION = app;
			};
			name = Debug;
		};
		30DCEAA419B8B54D006521D4 /* Release */ = {
			isa = XCBuildConfiguration;
			baseConfigurationReference = 1662094CED64481A81F2D7DF /* Pods.xcconfig */;
			buildSettings = {
				ASSETCATALOG_COMPILER_APPICON_NAME = AppIcon;
				ASSETCATALOG_COMPILER_LAUNCHIMAGE_NAME = LaunchImage;
				GCC_PRECOMPILE_PREFIX_HEADER = YES;
				GCC_PREFIX_HEADER = "Smartrend_Advisor/Smartrend_Advisor-Prefix.pch";
				INFOPLIST_FILE = "Smartrend_Advisor/Smartrend_Advisor-Info.plist";
				PRODUCT_NAME = "$(TARGET_NAME)";
				WRAPPER_EXTENSION = app;
			};
			name = Release;
		};
		30DCEAA619B8B54D006521D4 /* Debug */ = {
			isa = XCBuildConfiguration;
			buildSettings = {
				BUNDLE_LOADER = "$(BUILT_PRODUCTS_DIR)/Smartrend_Advisor.app/Smartrend_Advisor";
				FRAMEWORK_SEARCH_PATHS = (
					"$(SDKROOT)/Developer/Library/Frameworks",
					"$(inherited)",
					"$(DEVELOPER_FRAMEWORKS_DIR)",
				);
				GCC_PRECOMPILE_PREFIX_HEADER = YES;
				GCC_PREFIX_HEADER = "Smartrend_Advisor/Smartrend_Advisor-Prefix.pch";
				GCC_PREPROCESSOR_DEFINITIONS = (
					"DEBUG=1",
					"$(inherited)",
				);
				INFOPLIST_FILE = "Smartrend_AdvisorTests/Smartrend_AdvisorTests-Info.plist";
				PRODUCT_NAME = "$(TARGET_NAME)";
				TEST_HOST = "$(BUNDLE_LOADER)";
				WRAPPER_EXTENSION = xctest;
			};
			name = Debug;
		};
		30DCEAA719B8B54D006521D4 /* Release */ = {
			isa = XCBuildConfiguration;
			buildSettings = {
				BUNDLE_LOADER = "$(BUILT_PRODUCTS_DIR)/Smartrend_Advisor.app/Smartrend_Advisor";
				FRAMEWORK_SEARCH_PATHS = (
					"$(SDKROOT)/Developer/Library/Frameworks",
					"$(inherited)",
					"$(DEVELOPER_FRAMEWORKS_DIR)",
				);
				GCC_PRECOMPILE_PREFIX_HEADER = YES;
				GCC_PREFIX_HEADER = "Smartrend_Advisor/Smartrend_Advisor-Prefix.pch";
				INFOPLIST_FILE = "Smartrend_AdvisorTests/Smartrend_AdvisorTests-Info.plist";
				PRODUCT_NAME = "$(TARGET_NAME)";
				TEST_HOST = "$(BUNDLE_LOADER)";
				WRAPPER_EXTENSION = xctest;
			};
			name = Release;
		};
/* End XCBuildConfiguration section */

/* Begin XCConfigurationList section */
		30DCEA6519B8B54D006521D4 /* Build configuration list for PBXProject "Smartrend_Advisor" */ = {
			isa = XCConfigurationList;
			buildConfigurations = (
				30DCEAA019B8B54D006521D4 /* Debug */,
				30DCEAA119B8B54D006521D4 /* Release */,
			);
			defaultConfigurationIsVisible = 0;
			defaultConfigurationName = Release;
		};
		30DCEAA219B8B54D006521D4 /* Build configuration list for PBXNativeTarget "Smartrend_Advisor" */ = {
			isa = XCConfigurationList;
			buildConfigurations = (
				30DCEAA319B8B54D006521D4 /* Debug */,
				30DCEAA419B8B54D006521D4 /* Release */,
			);
			defaultConfigurationIsVisible = 0;
			defaultConfigurationName = Release;
		};
		30DCEAA519B8B54D006521D4 /* Build configuration list for PBXNativeTarget "Smartrend_AdvisorTests" */ = {
			isa = XCConfigurationList;
			buildConfigurations = (
				30DCEAA619B8B54D006521D4 /* Debug */,
				30DCEAA719B8B54D006521D4 /* Release */,
			);
			defaultConfigurationIsVisible = 0;
			defaultConfigurationName = Release;
		};
/* End XCConfigurationList section */
	};
	rootObject = 30DCEA6219B8B54D006521D4 /* Project object */;
}
